PODS:
  - AviationKit (1.0.1)
  - IQKeyboardManagerSwift (6.3.0)

DEPENDENCIES:
  - AviationKit (from `../`)
  - IQKeyboardManagerSwift

SPEC REPOS:
  https://github.com/cocoapods/specs.git:
    - IQKeyboardManagerSwift

EXTERNAL SOURCES:
  AviationKit:
    :path: "../"

SPEC CHECKSUMS:
  AviationKit: 9e1031f8530e543c23c7c27e638cce2853a52ed0
  IQKeyboardManagerSwift: a8228c257614af98743b4cd8584637025f36358f

PODFILE CHECKSUM: 42929eda8ba6d1464d00451edccab77ce16333a2

COCOAPODS: 1.7.0
